PODS:
  - Alamofire (4.7.3)
  - BWWalkthrough (2.1.2)

DEPENDENCIES:
  - Alamofire (~> 4.7)
  - BWWalkthrough

SPEC REPOS:
  https://github.com/cocoapods/specs.git:
    - Alamofire
    - BWWalkthrough

SPEC CHECKSUMS:
  Alamofire: c7287b6e5d7da964a70935e5db17046b7fde6568
  BWWalkthrough: 6b18dc688ff6b7168383fee07fe199ccaad7e9f7

PODFILE CHECKSUM: 65b2ace8f2605a000b1e0d06350c2356992fd238

COCOAPODS: 1.5.3
