PODS:
  - Alamofire (4.7.3)
  - BWWalkthrough (2.1.2)
  - KYDrawerController (2.0.4)
  - Socket.IO-Client-Swift (13.3.0):
    - Starscream (~> 3.0.2)
  - Starscream (3.0.5)

DEPENDENCIES:
  - Alamofire (~> 4.7)
  - BWWalkthrough
  - KYDrawerController
  - Socket.IO-Client-Swift (~> 13.3.0)

SPEC REPOS:
  https://github.com/cocoapods/specs.git:
    - Alamofire
    - BWWalkthrough
    - KYDrawerController
    - Socket.IO-Client-Swift
    - Starscream

SPEC CHECKSUMS:
  Alamofire: c7287b6e5d7da964a70935e5db17046b7fde6568
  BWWalkthrough: 6b18dc688ff6b7168383fee07fe199ccaad7e9f7
  KYDrawerController: cf5839877c442132123e9d482f458821026defdf
  Socket.IO-Client-Swift: 0afb192a562db90d50e3f7f7421c06925a3f0179
  Starscream: faf918b2f2eff7d5dd21180646bf015a669673bd

PODFILE CHECKSUM: 38b0f2b66e6a207045646c9b1d5d5bbded0406b4

COCOAPODS: 1.5.3
